// !$*UTF8*$!
{
	archiveVersion = 1;
	classes = {
	};
	objectVersion = 46;
	objects = {

/* Begin PBXBuildFile section */
		8109A9B41BE7530A00EE7882 /* main.m in Sources */ = {isa = PBXBuildFile; fileRef = 8109A9B31BE7530A00EE7882 /* main.m */; };
		8109A9B71BE7530A00EE7882 /* AppDelegate.m in Sources */ = {isa = PBXBuildFile; fileRef = 8109A9B61BE7530A00EE7882 /* AppDelegate.m */; };
		8109A9BA1BE7530A00EE7882 /* ViewController.m in Sources */ = {isa = PBXBuildFile; fileRef = 8109A9B91BE7530A00EE7882 /* ViewController.m */; };
		8109A9BD1BE7530A00EE7882 /* Main.storyboard in Resources */ = {isa = PBXBuildFile; fileRef = 8109A9BB1BE7530A00EE7882 /* Main.storyboard */; };
		8109A9BF1BE7530A00EE7882 /* Images.xcassets in Resources */ = {isa = PBXBuildFile; fileRef = 8109A9BE1BE7530A00EE7882 /* Images.xcassets */; };
		8109A9C21BE7530A00EE7882 /* LaunchScreen.xib in Resources */ = {isa = PBXBuildFile; fileRef = 8109A9C01BE7530A00EE7882 /* LaunchScreen.xib */; };
		8109A9CE1BE7530B00EE7882 /* CategoryTests.m in Sources */ = {isa = PBXBuildFile; fileRef = 8109A9CD1BE7530B00EE7882 /* CategoryTests.m */; };
		8109A9DA1BE7539C00EE7882 /* UIImage+TwoDimensionCode.m in Sources */ = {isa = PBXBuildFile; fileRef = 8109A9D91BE7539C00EE7882 /* UIImage+TwoDimensionCode.m */; };
		817849EB1C28E2B80070ED12 /* CustomerServiceView.m in Sources */ = {isa = PBXBuildFile; fileRef = 817849EA1C28E2B80070ED12 /* CustomerServiceView.m */; settings = {ASSET_TAGS = (); }; };
		817849EF1C29197D0070ED12 /* AnimationsController.m in Sources */ = {isa = PBXBuildFile; fileRef = 817849EE1C29197D0070ED12 /* AnimationsController.m */; settings = {ASSET_TAGS = (); }; };
		817849F11C291C960070ED12 /* 01.jpg in Resources */ = {isa = PBXBuildFile; fileRef = 817849F01C291C960070ED12 /* 01.jpg */; settings = {ASSET_TAGS = (); }; };
		81EF47F11C02BA7A00D010DF /* about_Info.png in Resources */ = {isa = PBXBuildFile; fileRef = 81EF47ED1C02BA7A00D010DF /* about_Info.png */; };
		81EF47F21C02BA7A00D010DF /* add_download_more.png in Resources */ = {isa = PBXBuildFile; fileRef = 81EF47EE1C02BA7A00D010DF /* add_download_more.png */; };
		81EF47F31C02BA7A00D010DF /* DDImageView.m in Sources */ = {isa = PBXBuildFile; fileRef = 81EF47F01C02BA7A00D010DF /* DDImageView.m */; };
		81F239EC1BFD96E100CD85DB /* Compute.m in Sources */ = {isa = PBXBuildFile; fileRef = 81F239EB1BFD96E100CD85DB /* Compute.m */; };
		81F2D2191C0C4A410058D6EB /* LoginView.m in Sources */ = {isa = PBXBuildFile; fileRef = 81F2D2181C0C4A410058D6EB /* LoginView.m */; };
/* End PBXBuildFile section */

/* Begin PBXContainerItemProxy section */
		8109A9C81BE7530B00EE7882 /* PBXContainerItemProxy */ = {
			isa = PBXContainerItemProxy;
			containerPortal = 8109A9A61BE7530A00EE7882 /* Project object */;
			proxyType = 1;
			remoteGlobalIDString = 8109A9AD1BE7530A00EE7882;
			remoteInfo = Category;
		};
/* End PBXContainerItemProxy section */

/* Begin PBXFileReference section */
		8109A9AE1BE7530A00EE7882 /* Category.app */ = {isa = PBXFileReference; explicitFileType = wrapper.application; includeInIndex = 0; path = Category.app; sourceTree = BUILT_PRODUCTS_DIR; };
		8109A9B21BE7530A00EE7882 /* Info.plist */ = {isa = PBXFileReference; lastKnownFileType = text.plist.xml; path = Info.plist; sourceTree = "<group>"; };
		8109A9B31BE7530A00EE7882 /* main.m */ = {isa = PBXFileReference; lastKnownFileType = sourcecode.c.objc; path = main.m; sourceTree = "<group>"; };
		8109A9B51BE7530A00EE7882 /* AppDelegate.h */ = {isa = PBXFileReference; lastKnownFileType = sourcecode.c.h; path = AppDelegate.h; sourceTree = "<group>"; };
		8109A9B61BE7530A00EE7882 /* AppDelegate.m */ = {isa = PBXFileReference; lastKnownFileType = sourcecode.c.objc; path = AppDelegate.m; sourceTree = "<group>"; };
		8109A9B81BE7530A00EE7882 /* ViewController.h */ = {isa = PBXFileReference; lastKnownFileType = sourcecode.c.h; path = ViewController.h; sourceTree = "<group>"; };
		8109A9B91BE7530A00EE7882 /* ViewController.m */ = {isa = PBXFileReference; lastKnownFileType = sourcecode.c.objc; path = ViewController.m; sourceTree = "<group>"; };
		8109A9BC1BE7530A00EE7882 /* Base */ = {isa = PBXFileReference; lastKnownFileType = file.storyboard; name = Base; path = Base.lproj/Main.storyboard; sourceTree = "<group>"; };
		8109A9BE1BE7530A00EE7882 /* Images.xcassets */ = {isa = PBXFileReference; lastKnownFileType = folder.assetcatalog; path = Images.xcassets; sourceTree = "<group>"; };
		8109A9C11BE7530A00EE7882 /* Base */ = {isa = PBXFileReference; lastKnownFileType = file.xib; name = Base; path = Base.lproj/LaunchScreen.xib; sourceTree = "<group>"; };
		8109A9C71BE7530B00EE7882 /* CategoryTests.xctest */ = {isa = PBXFileReference; explicitFileType = wrapper.cfbundle; includeInIndex = 0; path = CategoryTests.xctest; sourceTree = BUILT_PRODUCTS_DIR; };
		8109A9CC1BE7530B00EE7882 /* Info.plist */ = {isa = PBXFileReference; lastKnownFileType = text.plist.xml; path = Info.plist; sourceTree = "<group>"; };
		8109A9CD1BE7530B00EE7882 /* CategoryTests.m */ = {isa = PBXFileReference; lastKnownFileType = sourcecode.c.objc; path = CategoryTests.m; sourceTree = "<group>"; };
		8109A9D81BE7539C00EE7882 /* UIImage+TwoDimensionCode.h */ = {isa = PBXFileReference; fileEncoding = 4; lastKnownFileType = sourcecode.c.h; path = "UIImage+TwoDimensionCode.h"; sourceTree = "<group>"; };
		8109A9D91BE7539C00EE7882 /* UIImage+TwoDimensionCode.m */ = {isa = PBXFileReference; fileEncoding = 4; lastKnownFileType = sourcecode.c.objc; path = "UIImage+TwoDimensionCode.m"; sourceTree = "<group>"; };
		817849E91C28E2B80070ED12 /* CustomerServiceView.h */ = {isa = PBXFileReference; fileEncoding = 4; lastKnownFileType = sourcecode.c.h; path = CustomerServiceView.h; sourceTree = "<group>"; };
		817849EA1C28E2B80070ED12 /* CustomerServiceView.m */ = {isa = PBXFileReference; fileEncoding = 4; lastKnownFileType = sourcecode.c.objc; path = CustomerServiceView.m; sourceTree = "<group>"; };
		817849ED1C29197D0070ED12 /* AnimationsController.h */ = {isa = PBXFileReference; fileEncoding = 4; lastKnownFileType = sourcecode.c.h; path = AnimationsController.h; sourceTree = "<group>"; };
		817849EE1C29197D0070ED12 /* AnimationsController.m */ = {isa = PBXFileReference; fileEncoding = 4; lastKnownFileType = sourcecode.c.objc; path = AnimationsController.m; sourceTree = "<group>"; };
		817849F01C291C960070ED12 /* 01.jpg */ = {isa = PBXFileReference; lastKnownFileType = image.jpeg; path = 01.jpg; sourceTree = "<group>"; };
		81EF47ED1C02BA7A00D010DF /* about_Info.png */ = {isa = PBXFileReference; lastKnownFileType = image.png; path = about_Info.png; sourceTree = "<group>"; };
		81EF47EE1C02BA7A00D010DF /* add_download_more.png */ = {isa = PBXFileReference; lastKnownFileType = image.png; path = add_download_more.png; sourceTree = "<group>"; };
		81EF47EF1C02BA7A00D010DF /* DDImageView.h */ = {isa = PBXFileReference; fileEncoding = 4; lastKnownFileType = sourcecode.c.h; path = DDImageView.h; sourceTree = "<group>"; };
		81EF47F01C02BA7A00D010DF /* DDImageView.m */ = {isa = PBXFileReference; fileEncoding = 4; lastKnownFileType = sourcecode.c.objc; path = DDImageView.m; sourceTree = "<group>"; };
		81F239EA1BFD96E100CD85DB /* Compute.h */ = {isa = PBXFileReference; fileEncoding = 4; lastKnownFileType = sourcecode.c.h; path = Compute.h; sourceTree = "<group>"; };
		81F239EB1BFD96E100CD85DB /* Compute.m */ = {isa = PBXFileReference; fileEncoding = 4; lastKnownFileType = sourcecode.c.objc; path = Compute.m; sourceTree = "<group>"; };
		81F2D2171C0C4A410058D6EB /* LoginView.h */ = {isa = PBXFileReference; fileEncoding = 4; lastKnownFileType = sourcecode.c.h; path = LoginView.h; sourceTree = "<group>"; };
		81F2D2181C0C4A410058D6EB /* LoginView.m */ = {isa = PBXFileReference; fileEncoding = 4; lastKnownFileType = sourcecode.c.objc; path = LoginView.m; sourceTree = "<group>"; };
/* End PBXFileReference section */

/* Begin PBXFrameworksBuildPhase section */
		8109A9AB1BE7530A00EE7882 /* Frameworks */ = {
			isa = PBXFrameworksBuildPhase;
			buildActionMask = 2147483647;
			files = (
			);
			runOnlyForDeploymentPostprocessing = 0;
		};
		8109A9C41BE7530B00EE7882 /* Frameworks */ = {
			isa = PBXFrameworksBuildPhase;
			buildActionMask = 2147483647;
			files = (
			);
			runOnlyForDeploymentPostprocessing = 0;
		};
/* End PBXFrameworksBuildPhase section */

/* Begin PBXGroup section */
		8109A9A51BE7530A00EE7882 = {
			isa = PBXGroup;
			children = (
				8109A9B01BE7530A00EE7882 /* Category */,
				8109A9CA1BE7530B00EE7882 /* CategoryTests */,
				8109A9AF1BE7530A00EE7882 /* Products */,
			);
			sourceTree = "<group>";
		};
		8109A9AF1BE7530A00EE7882 /* Products */ = {
			isa = PBXGroup;
			children = (
				8109A9AE1BE7530A00EE7882 /* Category.app */,
				8109A9C71BE7530B00EE7882 /* CategoryTests.xctest */,
			);
			name = Products;
			sourceTree = "<group>";
		};
		8109A9B01BE7530A00EE7882 /* Category */ = {
			isa = PBXGroup;
			children = (
				817849EC1C28FACA0070ED12 /* 旋转翻转平移 */,
				817849E51C28E0FE0070ED12 /* QQ电话咨询 */,
				81F2D2161C0C4A410058D6EB /* 登录界面 */,
				81EF47EC1C02BA7A00D010DF /* 图片绘制 */,
				81F239E91BFD96E100CD85DB /* 角度和距离 */,
				8109A9D71BE7536800EE7882 /* UIImage */,
				8109A9B51BE7530A00EE7882 /* AppDelegate.h */,
				8109A9B61BE7530A00EE7882 /* AppDelegate.m */,
				8109A9B81BE7530A00EE7882 /* ViewController.h */,
				8109A9B91BE7530A00EE7882 /* ViewController.m */,
				8109A9BB1BE7530A00EE7882 /* Main.storyboard */,
				817849F01C291C960070ED12 /* 01.jpg */,
				8109A9BE1BE7530A00EE7882 /* Images.xcassets */,
				8109A9C01BE7530A00EE7882 /* LaunchScreen.xib */,
				8109A9B11BE7530A00EE7882 /* Supporting Files */,
			);
			path = Category;
			sourceTree = "<group>";
		};
		8109A9B11BE7530A00EE7882 /* Supporting Files */ = {
			isa = PBXGroup;
			children = (
				8109A9B21BE7530A00EE7882 /* Info.plist */,
				8109A9B31BE7530A00EE7882 /* main.m */,
			);
			name = "Supporting Files";
			sourceTree = "<group>";
		};
		8109A9CA1BE7530B00EE7882 /* CategoryTests */ = {
			isa = PBXGroup;
			children = (
				8109A9CD1BE7530B00EE7882 /* CategoryTests.m */,
				8109A9CB1BE7530B00EE7882 /* Supporting Files */,
			);
			path = CategoryTests;
			sourceTree = "<group>";
		};
		8109A9CB1BE7530B00EE7882 /* Supporting Files */ = {
			isa = PBXGroup;
			children = (
				8109A9CC1BE7530B00EE7882 /* Info.plist */,
			);
			name = "Supporting Files";
			sourceTree = "<group>";
		};
		8109A9D71BE7536800EE7882 /* UIImage */ = {
			isa = PBXGroup;
			children = (
				8109A9D81BE7539C00EE7882 /* UIImage+TwoDimensionCode.h */,
				8109A9D91BE7539C00EE7882 /* UIImage+TwoDimensionCode.m */,
			);
			path = UIImage;
			sourceTree = "<group>";
		};
		817849E51C28E0FE0070ED12 /* QQ电话咨询 */ = {
			isa = PBXGroup;
			children = (
				817849E91C28E2B80070ED12 /* CustomerServiceView.h */,
				817849EA1C28E2B80070ED12 /* CustomerServiceView.m */,
			);
			path = "QQ电话咨询";
			sourceTree = "<group>";
		};
		817849EC1C28FACA0070ED12 /* 旋转翻转平移 */ = {
			isa = PBXGroup;
			children = (
				817849ED1C29197D0070ED12 /* AnimationsController.h */,
				817849EE1C29197D0070ED12 /* AnimationsController.m */,
			);
			path = "旋转翻转平移";
			sourceTree = "<group>";
		};
		81EF47EC1C02BA7A00D010DF /* 图片绘制 */ = {
			isa = PBXGroup;
			children = (
				81EF47ED1C02BA7A00D010DF /* about_Info.png */,
				81EF47EE1C02BA7A00D010DF /* add_download_more.png */,
				81EF47EF1C02BA7A00D010DF /* DDImageView.h */,
				81EF47F01C02BA7A00D010DF /* DDImageView.m */,
			);
			path = "图片绘制";
			sourceTree = "<group>";
		};
		81F239E91BFD96E100CD85DB /* 角度和距离 */ = {
			isa = PBXGroup;
			children = (
				81F239EA1BFD96E100CD85DB /* Compute.h */,
				81F239EB1BFD96E100CD85DB /* Compute.m */,
			);
			path = "角度和距离";
			sourceTree = "<group>";
		};
		81F2D2161C0C4A410058D6EB /* 登录界面 */ = {
			isa = PBXGroup;
			children = (
				81F2D2171C0C4A410058D6EB /* LoginView.h */,
				81F2D2181C0C4A410058D6EB /* LoginView.m */,
			);
			path = "登录界面";
			sourceTree = "<group>";
		};
/* End PBXGroup section */

/* Begin PBXNativeTarget section */
		8109A9AD1BE7530A00EE7882 /* Category */ = {
			isa = PBXNativeTarget;
			buildConfigurationList = 8109A9D11BE7530B00EE7882 /* Build configuration list for PBXNativeTarget "Category" */;
			buildPhases = (
				8109A9AA1BE7530A00EE7882 /* Sources */,
				8109A9AB1BE7530A00EE7882 /* Frameworks */,
				8109A9AC1BE7530A00EE7882 /* Resources */,
			);
			buildRules = (
			);
			dependencies = (
			);
			name = Category;
			productName = Category;
			productReference = 8109A9AE1BE7530A00EE7882 /* Category.app */;
			productType = "com.apple.product-type.application";
		};
		8109A9C61BE7530B00EE7882 /* CategoryTests */ = {
			isa = PBXNativeTarget;
			buildConfigurationList = 8109A9D41BE7530B00EE7882 /* Build configuration list for PBXNativeTarget "CategoryTests" */;
			buildPhases = (
				8109A9C31BE7530B00EE7882 /* Sources */,
				8109A9C41BE7530B00EE7882 /* Frameworks */,
				8109A9C51BE7530B00EE7882 /* Resources */,
			);
			buildRules = (
			);
			dependencies = (
				8109A9C91BE7530B00EE7882 /* PBXTargetDependency */,
			);
			name = CategoryTests;
			productName = CategoryTests;
			productReference = 8109A9C71BE7530B00EE7882 /* CategoryTests.xctest */;
			productType = "com.apple.product-type.bundle.unit-test";
		};
/* End PBXNativeTarget section */

/* Begin PBXProject section */
		8109A9A61BE7530A00EE7882 /* Project object */ = {
			isa = PBXProject;
			attributes = {
				LastUpgradeCheck = 0640;
				ORGANIZATIONNAME = "王力";
				TargetAttributes = {
					8109A9AD1BE7530A00EE7882 = {
						CreatedOnToolsVersion = 6.4;
					};
					8109A9C61BE7530B00EE7882 = {
						CreatedOnToolsVersion = 6.4;
						TestTargetID = 8109A9AD1BE7530A00EE7882;
					};
				};
			};
			buildConfigurationList = 8109A9A91BE7530A00EE7882 /* Build configuration list for PBXProject "Category" */;
			compatibilityVersion = "Xcode 3.2";
			developmentRegion = English;
			hasScannedForEncodings = 0;
			knownRegions = (
				en,
				Base,
			);
			mainGroup = 8109A9A51BE7530A00EE7882;
			productRefGroup = 8109A9AF1BE7530A00EE7882 /* Products */;
			projectDirPath = "";
			projectRoot = "";
			targets = (
				8109A9AD1BE7530A00EE7882 /* Category */,
				8109A9C61BE7530B00EE7882 /* CategoryTests */,
			);
		};
/* End PBXProject section */

/* Begin PBXResourcesBuildPhase section */
		8109A9AC1BE7530A00EE7882 /* Resources */ = {
			isa = PBXResourcesBuildPhase;
			buildActionMask = 2147483647;
			files = (
				8109A9BD1BE7530A00EE7882 /* Main.storyboard in Resources */,
				8109A9C21BE7530A00EE7882 /* LaunchScreen.xib in Resources */,
				817849F11C291C960070ED12 /* 01.jpg in Resources */,
				8109A9BF1BE7530A00EE7882 /* Images.xcassets in Resources */,
				81EF47F21C02BA7A00D010DF /* add_download_more.png in Resources */,
				81EF47F11C02BA7A00D010DF /* about_Info.png in Resources */,
			);
			runOnlyForDeploymentPostprocessing = 0;
		};
		8109A9C51BE7530B00EE7882 /* Resources */ = {
			isa = PBXResourcesBuildPhase;
			buildActionMask = 2147483647;
			files = (
			);
			runOnlyForDeploymentPostprocessing = 0;
		};
/* End PBXResourcesBuildPhase section */

/* Begin PBXSourcesBuildPhase section */
		8109A9AA1BE7530A00EE7882 /* Sources */ = {
			isa = PBXSourcesBuildPhase;
			buildActionMask = 2147483647;
			files = (
				81EF47F31C02BA7A00D010DF /* DDImageView.m in Sources */,
				81F239EC1BFD96E100CD85DB /* Compute.m in Sources */,
				81F2D2191C0C4A410058D6EB /* LoginView.m in Sources */,
				8109A9DA1BE7539C00EE7882 /* UIImage+TwoDimensionCode.m in Sources */,
				8109A9BA1BE7530A00EE7882 /* ViewController.m in Sources */,
				8109A9B71BE7530A00EE7882 /* AppDelegate.m in Sources */,
				817849EB1C28E2B80070ED12 /* CustomerServiceView.m in Sources */,
				817849EF1C29197D0070ED12 /* AnimationsController.m in Sources */,
				8109A9B41BE7530A00EE7882 /* main.m in Sources */,
			);
			runOnlyForDeploymentPostprocessing = 0;
		};
		8109A9C31BE7530B00EE7882 /* Sources */ = {
			isa = PBXSourcesBuildPhase;
			buildActionMask = 2147483647;
			files = (
				8109A9CE1BE7530B00EE7882 /* CategoryTests.m in Sources */,
			);
			runOnlyForDeploymentPostprocessing = 0;
		};
/* End PBXSourcesBuildPhase section */

/* Begin PBXTargetDependency section */
		8109A9C91BE7530B00EE7882 /* PBXTargetDependency */ = {
			isa = PBXTargetDependency;
			target = 8109A9AD1BE7530A00EE7882 /* Category */;
			targetProxy = 8109A9C81BE7530B00EE7882 /* PBXContainerItemProxy */;
		};
/* End PBXTargetDependency section */

/* Begin PBXVariantGroup section */
		8109A9BB1BE7530A00EE7882 /* Main.storyboard */ = {
			isa = PBXVariantGroup;
			children = (
				8109A9BC1BE7530A00EE7882 /* Base */,
			);
			name = Main.storyboard;
			sourceTree = "<group>";
		};
		8109A9C01BE7530A00EE7882 /* LaunchScreen.xib */ = {
			isa = PBXVariantGroup;
			children = (
				8109A9C11BE7530A00EE7882 /* Base */,
			);
			name = LaunchScreen.xib;
			sourceTree = "<group>";
		};
/* End PBXVariantGroup section */

/* Begin XCBuildConfiguration section */
		8109A9CF1BE7530B00EE7882 /* Debug */ = {
			isa = XCBuildConfiguration;
			buildSettings = {
				ALWAYS_SEARCH_USER_PATHS = NO;
				CLANG_CXX_LANGUAGE_STANDARD = "gnu++0x";
				CLANG_CXX_LIBRARY = "libc++";
				CLANG_ENABLE_MODULES = YES;
				CLANG_ENABLE_OBJC_ARC = YES;
				CLANG_WARN_BOOL_CONVERSION = YES;
				CLANG_WARN_CONSTANT_CONVERSION = YES;
				CLANG_WARN_DIRECT_OBJC_ISA_USAGE = YES_ERROR;
				CLANG_WARN_EMPTY_BODY = YES;
				CLANG_WARN_ENUM_CONVERSION = YES;
				CLANG_WARN_INT_CONVERSION = YES;
				CLANG_WARN_OBJC_ROOT_CLASS = YES_ERROR;
				CLANG_WARN_UNREACHABLE_CODE = YES;
				CLANG_WARN__DUPLICATE_METHOD_MATCH = YES;
				"CODE_SIGN_IDENTITY[sdk=iphoneos*]" = "iPhone Developer";
				COPY_PHASE_STRIP = NO;
				DEBUG_INFORMATION_FORMAT = "dwarf-with-dsym";
				ENABLE_STRICT_OBJC_MSGSEND = YES;
				GCC_C_LANGUAGE_STANDARD = gnu99;
				GCC_DYNAMIC_NO_PIC = NO;
				GCC_NO_COMMON_BLOCKS = YES;
				GCC_OPTIMIZATION_LEVEL = 0;
				GCC_PREPROCESSOR_DEFINITIONS = (
					"DEBUG=1",
					"$(inherited)",
				);
				GCC_SYMBOLS_PRIVATE_EXTERN = NO;
				GCC_WARN_64_TO_32_BIT_CONVERSION = YES;
				GCC_WARN_ABOUT_RETURN_TYPE = YES_ERROR;
				GCC_WARN_UNDECLARED_SELECTOR = YES;
				GCC_WARN_UNINITIALIZED_AUTOS = YES_AGGRESSIVE;
				GCC_WARN_UNUSED_FUNCTION = YES;
				GCC_WARN_UNUSED_VARIABLE = YES;
				IPHONEOS_DEPLOYMENT_TARGET = 8.4;
				MTL_ENABLE_DEBUG_INFO = YES;
				ONLY_ACTIVE_ARCH = YES;
				SDKROOT = iphoneos;
			};
			name = Debug;
		};
		8109A9D01BE7530B00EE7882 /* Release */ = {
			isa = XCBuildConfiguration;
			buildSettings = {
				ALWAYS_SEARCH_USER_PATHS = NO;
				CLANG_CXX_LANGUAGE_STANDARD = "gnu++0x";
				CLANG_CXX_LIBRARY = "libc++";
				CLANG_ENABLE_MODULES = YES;
				CLANG_ENABLE_OBJC_ARC = YES;
				CLANG_WARN_BOOL_CONVERSION = YES;
				CLANG_WARN_CONSTANT_CONVERSION = YES;
				CLANG_WARN_DIRECT_OBJC_ISA_USAGE = YES_ERROR;
				CLANG_WARN_EMPTY_BODY = YES;
				CLANG_WARN_ENUM_CONVERSION = YES;
				CLANG_WARN_INT_CONVERSION = YES;
				CLANG_WARN_OBJC_ROOT_CLASS = YES_ERROR;
				CLANG_WARN_UNREACHABLE_CODE = YES;
				CLANG_WARN__DUPLICATE_METHOD_MATCH = YES;
				"CODE_SIGN_IDENTITY[sdk=iphoneos*]" = "iPhone Developer";
				COPY_PHASE_STRIP = NO;
				DEBUG_INFORMATION_FORMAT = "dwarf-with-dsym";
				ENABLE_NS_ASSERTIONS = NO;
				ENABLE_STRICT_OBJC_MSGSEND = YES;
				GCC_C_LANGUAGE_STANDARD = gnu99;
				GCC_NO_COMMON_BLOCKS = YES;
				GCC_WARN_64_TO_32_BIT_CONVERSION = YES;
				GCC_WARN_ABOUT_RETURN_TYPE = YES_ERROR;
				GCC_WARN_UNDECLARED_SELECTOR = YES;
				GCC_WARN_UNINITIALIZED_AUTOS = YES_AGGRESSIVE;
				GCC_WARN_UNUSED_FUNCTION = YES;
				GCC_WARN_UNUSED_VARIABLE = YES;
				IPHONEOS_DEPLOYMENT_TARGET = 8.4;
				MTL_ENABLE_DEBUG_INFO = NO;
				SDKROOT = iphoneos;
				VALIDATE_PRODUCT = YES;
			};
			name = Release;
		};
		8109A9D21BE7530B00EE7882 /* Debug */ = {
			isa = XCBuildConfiguration;
			buildSettings = {
				ASSETCATALOG_COMPILER_APPICON_NAME = AppIcon;
				CODE_SIGN_IDENTITY = "iPhone Developer";
				INFOPLIST_FILE = Category/Info.plist;
				IPHONEOS_DEPLOYMENT_TARGET = 7.1;
				LD_RUNPATH_SEARCH_PATHS = "$(inherited) @executable_path/Frameworks";
				PRODUCT_NAME = "$(TARGET_NAME)";
				PROVISIONING_PROFILE = "";
			};
			name = Debug;
		};
		8109A9D31BE7530B00EE7882 /* Release */ = {
			isa = XCBuildConfiguration;
			buildSettings = {
				ASSETCATALOG_COMPILER_APPICON_NAME = AppIcon;
				CODE_SIGN_IDENTITY = "iPhone Developer";
				INFOPLIST_FILE = Category/Info.plist;
				IPHONEOS_DEPLOYMENT_TARGET = 7.1;
				LD_RUNPATH_SEARCH_PATHS = "$(inherited) @executable_path/Frameworks";
				PRODUCT_NAME = "$(TARGET_NAME)";
				PROVISIONING_PROFILE = "";
			};
			name = Release;
		};
		8109A9D51BE7530B00EE7882 /* Debug */ = {
			isa = XCBuildConfiguration;
			buildSettings = {
				BUNDLE_LOADER = "$(TEST_HOST)";
				FRAMEWORK_SEARCH_PATHS = (
					"$(SDKROOT)/Developer/Library/Frameworks",
					"$(inherited)",
				);
				GCC_PREPROCESSOR_DEFINITIONS = (
					"DEBUG=1",
					"$(inherited)",
				);
				INFOPLIST_FILE = CategoryTests/Info.plist;
				LD_RUNPATH_SEARCH_PATHS = "$(inherited) @executable_path/Frameworks @loader_path/Frameworks";
				PRODUCT_NAME = "$(TARGET_NAME)";
				TEST_HOST = "$(BUILT_PRODUCTS_DIR)/Category.app/Category";
			};
			name = Debug;
		};
		8109A9D61BE7530B00EE7882 /* Release */ = {
			isa = XCBuildConfiguration;
			buildSettings = {
				BUNDLE_LOADER = "$(TEST_HOST)";
				FRAMEWORK_SEARCH_PATHS = (
					"$(SDKROOT)/Developer/Library/Frameworks",
					"$(inherited)",
				);
				INFOPLIST_FILE = CategoryTests/Info.plist;
				LD_RUNPATH_SEARCH_PATHS = "$(inherited) @executable_path/Frameworks @loader_path/Frameworks";
				PRODUCT_NAME = "$(TARGET_NAME)";
				TEST_HOST = "$(BUILT_PRODUCTS_DIR)/Category.app/Category";
			};
			name = Release;
		};
/* End XCBuildConfiguration section */

/* Begin XCConfigurationList section */
		8109A9A91BE7530A00EE7882 /* Build configuration list for PBXProject "Category" */ = {
			isa = XCConfigurationList;
			buildConfigurations = (
				8109A9CF1BE7530B00EE7882 /* Debug */,
				8109A9D01BE7530B00EE7882 /* Release */,
			);
			defaultConfigurationIsVisible = 0;
			defaultConfigurationName = Release;
		};
		8109A9D11BE7530B00EE7882 /* Build configuration list for PBXNativeTarget "Category" */ = {
			isa = XCConfigurationList;
			buildConfigurations = (
				8109A9D21BE7530B00EE7882 /* Debug */,
				8109A9D31BE7530B00EE7882 /* Release */,
			);
			defaultConfigurationIsVisible = 0;
			defaultConfigurationName = Release;
		};
		8109A9D41BE7530B00EE7882 /* Build configuration list for PBXNativeTarget "CategoryTests" */ = {
			isa = XCConfigurationList;
			buildConfigurations = (
				8109A9D51BE7530B00EE7882 /* Debug */,
				8109A9D61BE7530B00EE7882 /* Release */,
			);
			defaultConfigurationIsVisible = 0;
			defaultConfigurationName = Release;
		};
/* End XCConfigurationList section */
	};
	rootObject = 8109A9A61BE7530A00EE7882 /* Project object */;
}
